
Microsoft Visual Studio Solution File, Format Version 12.00
# Visual Studio Version 17
VisualStudioVersion = 17.14.36414.22 d17.14
MinimumVisualStudioVersion = 10.0.40219.1
Project("{FAE04EC0-301F-11D3-BF4B-00C04F79EFBC}") = "QuestApiManual", "QuestApiManual.csproj", "{F02B0FD3-25A6-4A28-B16D-27648DA9B27B}"
EndProject
Global
	GlobalSection(SolutionConfigurationPlatforms) = preSolution
		Debug|Any CPU = Debug|Any CPU
		Release|Any CPU = Release|Any CPU
	EndGlobalSection
	GlobalSection(ProjectConfigurationPlatforms) = postSolution
		{F02B0FD3-25A6-4A28-B16D-27648DA9B27B}.Debug|Any CPU.ActiveCfg = Debug|Any CPU
		{F02B0FD3-25A6-4A28-B16D-27648DA9B27B}.Debug|Any CPU.Build.0 = Debug|Any CPU
		{F02B0FD3-25A6-4A28-B16D-27648DA9B27B}.Release|Any CPU.ActiveCfg = Release|Any CPU
		{F02B0FD3-25A6-4A28-B16D-27648DA9B27B}.Release|Any CPU.Build.0 = Release|Any CPU
	EndGlobalSection
	GlobalSection(SolutionProperties) = preSolution
		HideSolutionNode = FALSE
	EndGlobalSection
	GlobalSection(ExtensibilityGlobals) = postSolution
		SolutionGuid = {2001BA33-E04A-4464-A022-52A41775FB57}
	EndGlobalSection
EndGlobal
